
Microsoft Visual Studio Solution File, Format Version 12.00
# Visual Studio Version 16
VisualStudioVersion = 16.0.30523.141
MinimumVisualStudioVersion = 10.0.40219.1
Project("{9A19103F-16F7-4668-BE54-9A1E7A4F7556}") = "API.ExemploAzureAdClient.WebApi", "API.ExemploAzureAdClient.WebApi\API.ExemploAzureAdClient.WebApi.csproj", "{F9B77976-4423-41CB-B20F-55A9F743EC75}"
EndProject
Project("{FAE04EC0-301F-11D3-BF4B-00C04F79EFBC}") = "API.ExemploAzureAdService.WebApi", "API.ExemploAzureAdService.WebApi\API.ExemploAzureAdService.WebApi.csproj", "{83AC5CF8-5271-4010-A886-470705339F1E}"
EndProject
Global
	GlobalSection(SolutionConfigurationPlatforms) = preSolution
		Debug|Any CPU = Debug|Any CPU
		Release|Any CPU = Release|Any CPU
	EndGlobalSection
	GlobalSection(ProjectConfigurationPlatforms) = postSolution
		{F9B77976-4423-41CB-B20F-55A9F743EC75}.Debug|Any CPU.ActiveCfg = Debug|Any CPU
		{F9B77976-4423-41CB-B20F-55A9F743EC75}.Debug|Any CPU.Build.0 = Debug|Any CPU
		{F9B77976-4423-41CB-B20F-55A9F743EC75}.Release|Any CPU.ActiveCfg = Release|Any CPU
		{F9B77976-4423-41CB-B20F-55A9F743EC75}.Release|Any CPU.Build.0 = Release|Any CPU
		{83AC5CF8-5271-4010-A886-470705339F1E}.Debug|Any CPU.ActiveCfg = Debug|Any CPU
		{83AC5CF8-5271-4010-A886-470705339F1E}.Debug|Any CPU.Build.0 = Debug|Any CPU
		{83AC5CF8-5271-4010-A886-470705339F1E}.Release|Any CPU.ActiveCfg = Release|Any CPU
		{83AC5CF8-5271-4010-A886-470705339F1E}.Release|Any CPU.Build.0 = Release|Any CPU
	EndGlobalSection
	GlobalSection(SolutionProperties) = preSolution
		HideSolutionNode = FALSE
	EndGlobalSection
	GlobalSection(ExtensibilityGlobals) = postSolution
		SolutionGuid = {7B9387CC-BBE8-4E77-920C-AD000C504F6A}
	EndGlobalSection
EndGlobal
